
Microsoft Visual Studio Solution File, Format Version 12.00
# Visual Studio Version 17
VisualStudioVersion = 17.8.34525.116
MinimumVisualStudioVersion = 10.0.40219.1
Project("{FAE04EC0-301F-11D3-BF4B-00C04F79EFBC}") = "react-app.Server", "react-app.Server\react-app.Server.csproj", "{B44D0C09-B147-450A-97BB-875D16200566}"
EndProject
Project("{54A90642-561A-4BB1-A94E-469ADEE60C69}") = "react-app.client", "react-app.client\react-app.client.esproj", "{92760C8E-A4A3-49F2-8439-33DD5B017114}"
EndProject
Global
	GlobalSection(SolutionConfigurationPlatforms) = preSolution
		Debug|Any CPU = Debug|Any CPU
		Release|Any CPU = Release|Any CPU
	EndGlobalSection
	GlobalSection(ProjectConfigurationPlatforms) = postSolution
		{B44D0C09-B147-450A-97BB-875D16200566}.Debug|Any CPU.ActiveCfg = Debug|Any CPU
		{B44D0C09-B147-450A-97BB-875D16200566}.Debug|Any CPU.Build.0 = Debug|Any CPU
		{B44D0C09-B147-450A-97BB-875D16200566}.Release|Any CPU.ActiveCfg = Release|Any CPU
		{B44D0C09-B147-450A-97BB-875D16200566}.Release|Any CPU.Build.0 = Release|Any CPU
		{92760C8E-A4A3-49F2-8439-33DD5B017114}.Debug|Any CPU.ActiveCfg = Debug|Any CPU
		{92760C8E-A4A3-49F2-8439-33DD5B017114}.Debug|Any CPU.Build.0 = Debug|Any CPU
		{92760C8E-A4A3-49F2-8439-33DD5B017114}.Debug|Any CPU.Deploy.0 = Debug|Any CPU
		{92760C8E-A4A3-49F2-8439-33DD5B017114}.Release|Any CPU.ActiveCfg = Release|Any CPU
		{92760C8E-A4A3-49F2-8439-33DD5B017114}.Release|Any CPU.Build.0 = Release|Any CPU
		{92760C8E-A4A3-49F2-8439-33DD5B017114}.Release|Any CPU.Deploy.0 = Release|Any CPU
	EndGlobalSection
	GlobalSection(SolutionProperties) = preSolution
		HideSolutionNode = FALSE
	EndGlobalSection
	GlobalSection(ExtensibilityGlobals) = postSolution
		SolutionGuid = {D77E5805-5025-494C-AA92-78CC38BF4315}
	EndGlobalSection
EndGlobal
